
Microsoft Visual Studio Solution File, Format Version 12.00
# Visual Studio Version 16
VisualStudioVersion = 16.0.30621.155
MinimumVisualStudioVersion = 10.0.40219.1
Project("{9A19103F-16F7-4668-BE54-9A1E7A4F7556}") = "DeliveryElevator", "DeliveryElevator.csproj", "{591F0CE4-68CE-4C5F-B700-1C1667C3D894}"
EndProject
Project("{FAE04EC0-301F-11D3-BF4B-00C04F79EFBC}") = "DeliveryTests", "..\DeliveryTests\DeliveryTests.csproj", "{D3292EC1-38B9-4658-9F87-6DE36218E568}"
EndProject
Global
	GlobalSection(SolutionConfigurationPlatforms) = preSolution
		Debug|Any CPU = Debug|Any CPU
		Release|Any CPU = Release|Any CPU
	EndGlobalSection
	GlobalSection(ProjectConfigurationPlatforms) = postSolution
		{591F0CE4-68CE-4C5F-B700-1C1667C3D894}.Debug|Any CPU.ActiveCfg = Debug|Any CPU
		{591F0CE4-68CE-4C5F-B700-1C1667C3D894}.Debug|Any CPU.Build.0 = Debug|Any CPU
		{591F0CE4-68CE-4C5F-B700-1C1667C3D894}.Release|Any CPU.ActiveCfg = Release|Any CPU
		{591F0CE4-68CE-4C5F-B700-1C1667C3D894}.Release|Any CPU.Build.0 = Release|Any CPU
		{D3292EC1-38B9-4658-9F87-6DE36218E568}.Debug|Any CPU.ActiveCfg = Debug|Any CPU
		{D3292EC1-38B9-4658-9F87-6DE36218E568}.Debug|Any CPU.Build.0 = Debug|Any CPU
		{D3292EC1-38B9-4658-9F87-6DE36218E568}.Release|Any CPU.ActiveCfg = Release|Any CPU
		{D3292EC1-38B9-4658-9F87-6DE36218E568}.Release|Any CPU.Build.0 = Release|Any CPU
	EndGlobalSection
	GlobalSection(SolutionProperties) = preSolution
		HideSolutionNode = FALSE
	EndGlobalSection
	GlobalSection(ExtensibilityGlobals) = postSolution
		SolutionGuid = {AE2D1D9C-D9E4-467A-80A7-AB624CC43937}
	EndGlobalSection
EndGlobal
